github.com/bernardoforcillo/drops v0.6.0 h1:BdO6kk9MLlUQtRWFf9kpS6pZtumdnOtw5MHNqeGdRKU=
github.com/bernardoforcillo/drops v0.6.0/go.mod h1:9r+/t5MUZa+V0w5uwvrojHO6CCrSMfeFUuIn+18L9V4=
github.com/bernardoforcillo/featurelayer v0.0.0-20260901212336-9d484ab9aac2 h1:KFULHuSGO2By9buutPPx1JEq66YIa5yt138sqzr3JzQ=
github.com/bernardoforcillo/featurelayer v0.0.0-20260901212336-9d484ab9aac2/go.mod h1:2f4dS+C0b64S0E85fK5RIR1aM25aqTrMeojOIo2pRz8=
